{
    "name": "project-auth-parent",
    "version": "1.0.0",
    "lockfileVersion": 1,
    "requires": true,
    "dependencies": {
        "@babel/runtime": {
            "version": "7.8.7",
            "resolved": "https://registry.npmjs.org/@babel/runtime/-/runtime-7.8.7.tgz",
            "integrity": "sha512-+AATMUFppJDw6aiR5NVPHqIQBlV/Pj8wY/EZH+lmvRdUo9xBaz/rF3alAwFJQavvKfeOlPE7oaaDHVbcySbCsg==",
            "requires": {
                "regenerator-runtime": "^0.13.4"
            }
        },
        "detect-node": {
            "version": "2.0.4",
            "resolved": "https://registry.npmjs.org/detect-node/-/detect-node-2.0.4.tgz",
            "integrity": "sha512-ZIzRpLJrOj7jjP2miAtgqIfmzbxa4ZOr5jJc601zklsfEx9oTzmmj2nVpIPRpNlRTIh8lc1kyViIY7BWSGNmKw=="
        },
        "focus-lock": {
            "version": "0.6.6",
            "resolved": "https://registry.npmjs.org/focus-lock/-/focus-lock-0.6.6.tgz",
            "integrity": "sha512-Dx69IXGCq1qsUExWuG+5wkiMqVM/zGx/reXSJSLogECwp3x6KeNQZ+NAetgxEFpnC41rD8U3+jRCW68+LNzdtw=="
        },
        "js-tokens": {
            "version": "4.0.0",
            "resolved": "https://registry.npmjs.org/js-tokens/-/js-tokens-4.0.0.tgz",
            "integrity": "sha512-RdJUflcE3cUzKiMqQgsCu06FPu9UdIJO0beYbPhHN4k6apgJtifcoCtT9bcxOpYBtpD2kCM6Sbzg4CausW/PKQ=="
        },
        "loose-envify": {
            "version": "1.4.0",
            "resolved": "https://registry.npmjs.org/loose-envify/-/loose-envify-1.4.0.tgz",
            "integrity": "sha512-lyuxPGr/Wfhrlem2CL/UcnUc1zcqKAImBDzukY7Y5F/yQiNdko6+fRLevlw1HgMySw7f611UIY408EtxRSoK3Q==",
            "requires": {
                "js-tokens": "^3.0.0 || ^4.0.0"
            }
        },
        "object-assign": {
            "version": "4.1.1",
            "resolved": "https://registry.npmjs.org/object-assign/-/object-assign-4.1.1.tgz",
            "integrity": "sha1-IQmtx5ZYh8/AXLvUQsrIv7s2CGM="
        },
        "prop-types": {
            "version": "15.7.2",
            "resolved": "https://registry.npmjs.org/prop-types/-/prop-types-15.7.2.tgz",
            "integrity": "sha512-8QQikdH7//R2vurIJSutZ1smHYTcLpRWEOlHnzcWHmBYrOGUysKwSsrC89BCiFj3CbrfJ/nXFdJepOVrY1GCHQ==",
            "requires": {
                "loose-envify": "^1.4.0",
                "object-assign": "^4.1.1",
                "react-is": "^16.8.1"
            }
        },
        "react-clientside-effect": {
            "version": "1.2.2",
            "resolved": "https://registry.npmjs.org/react-clientside-effect/-/react-clientside-effect-1.2.2.tgz",
            "integrity": "sha512-nRmoyxeok5PBO6ytPvSjKp9xwXg9xagoTK1mMjwnQxqM9Hd7MNPl+LS1bOSOe+CV2+4fnEquc7H/S8QD3q697A==",
            "requires": {
                "@babel/runtime": "^7.0.0"
            }
        },
        "react-focus-lock": {
            "version": "2.2.1",
            "resolved": "https://registry.npmjs.org/react-focus-lock/-/react-focus-lock-2.2.1.tgz",
            "integrity": "sha512-47g0xYcCTZccdzKRGufepY8oZ3W1Qg+2hn6u9SHZ0zUB6uz/4K4xJe7yYFNZ1qT6m+2JDm82F6QgKeBTbjW4PQ==",
            "requires": {
                "@babel/runtime": "^7.0.0",
                "focus-lock": "^0.6.6",
                "prop-types": "^15.6.2",
                "react-clientside-effect": "^1.2.2",
                "use-callback-ref": "^1.2.1",
                "use-sidecar": "^1.0.1"
            }
        },
        "react-hamburger-menu": {
            "version": "1.1.1",
            "resolved": "https://registry.npmjs.org/react-hamburger-menu/-/react-hamburger-menu-1.1.1.tgz",
            "integrity": "sha512-uBmRe8UTmmNsuqKx/Z4H9SnWEa7Wok0ZAzvtfrLgTY2NimLI3lvaPUP/i8q2rfIHfP2gH9u8ltP+YunCHciHdQ=="
        },
        "react-is": {
            "version": "16.13.0",
            "resolved": "https://registry.npmjs.org/react-is/-/react-is-16.13.0.tgz",
            "integrity": "sha512-GFMtL0vHkiBv9HluwNZTggSn/sCyEt9n02aM0dSAjGGyqyNlAyftYm4phPxdvCigG15JreC5biwxCgTAJZ7yAA=="
        },
        "redux": {
            "version": "4.0.5",
            "resolved": "https://registry.npmjs.org/redux/-/redux-4.0.5.tgz",
            "integrity": "sha512-VSz1uMAH24DM6MF72vcojpYPtrTUu3ByVWfPL1nPfVRb5mZVTve5GnNCUV53QM/BZ66xfWrm0CTWoM+Xlz8V1w==",
            "requires": {
                "loose-envify": "^1.4.0",
                "symbol-observable": "^1.2.0"
            }
        },
        "regenerator-runtime": {
            "version": "0.13.4",
            "resolved": "https://registry.npmjs.org/regenerator-runtime/-/regenerator-runtime-0.13.4.tgz",
            "integrity": "sha512-plpwicqEzfEyTQohIKktWigcLzmNStMGwbOUbykx51/29Z3JOGYldaaNGK7ngNXV+UcoqvIMmloZ48Sr74sd+g=="
        },
        "symbol-observable": {
            "version": "1.2.0",
            "resolved": "https://registry.npmjs.org/symbol-observable/-/symbol-observable-1.2.0.tgz",
            "integrity": "sha512-e900nM8RRtGhlV36KGEU9k65K3mPb1WV70OdjfxlG2EAuM1noi/E/BaW/uMhL7bPEssK8QV57vN3esixjUvcXQ=="
        },
        "tslib": {
            "version": "1.11.1",
            "resolved": "https://registry.npmjs.org/tslib/-/tslib-1.11.1.tgz",
            "integrity": "sha512-aZW88SY8kQbU7gpV19lN24LtXh/yD4ZZg6qieAJDDg+YBsJcSmLGK9QpnUjAKVG/xefmvJGd1WUmfpT/g6AJGA=="
        },
        "use-callback-ref": {
            "version": "1.2.1",
            "resolved": "https://registry.npmjs.org/use-callback-ref/-/use-callback-ref-1.2.1.tgz",
            "integrity": "sha512-C3nvxh0ZpaOxs9RCnWwAJ+7bJPwQI8LHF71LzbQ3BvzH5XkdtlkMadqElGevg5bYBDFip4sAnD4m06zAKebg1w=="
        },
        "use-sidecar": {
            "version": "1.0.2",
            "resolved": "https://registry.npmjs.org/use-sidecar/-/use-sidecar-1.0.2.tgz",
            "integrity": "sha512-287RZny6m5KNMTb/Kq9gmjafi7lQL0YHO1lYolU6+tY1h9+Z3uCtkJJ3OSOq3INwYf2hBryCcDh4520AhJibMA==",
            "requires": {
                "detect-node": "^2.0.4",
                "tslib": "^1.9.3"
            }
        }
    }
}
